dependencies:
- name: redis
  repository: oci://registry-1.docker.io/bitnamicharts
  version: 19.6.0
- name: postgresql
  repository: oci://registry-1.docker.io/bitnamicharts
  version: 15.2.0
- name: common
  repository: oci://registry-1.docker.io/bitnamicharts
  version: 2.19.3
digest: sha256:547a2940d83144162285b3a6384fb3bb578ad5969a3d840cb79f9ffee5dfdd00
generated: "2024-06-27T05:44:02.741023397Z"
