dependencies:
- name: redis
  repository: oci://registry-1.docker.io/bitnamicharts
  version: 25.5.3
- name: postgresql
  repository: oci://registry-1.docker.io/bitnamicharts
  version: 15.2.0
- name: common
  repository: oci://registry-1.docker.io/bitnamicharts
  version: 2.19.3
digest: sha256:fa111b7fb40a6c08000509b9d7dd176967f39cd2c61ae6d9fb3ca85c81963389
generated: "2026-05-23T14:45:47.589483673Z"
